
Microsoft Visual Studio Solution File, Format Version 12.00
# Visual Studio Version 16
VisualStudioVersion = 16.0.30104.148
MinimumVisualStudioVersion = 10.0.40219.1
Project("{FAE04EC0-301F-11D3-BF4B-00C04F79EFBC}") = "RGBtoRALv7_WPF", "RGBtoRALv7_WPF\RGBtoRALv7_WPF.csproj", "{4077BC21-0B45-4B35-BF73-524FF29ED590}"
EndProject
Global
	GlobalSection(SolutionConfigurationPlatforms) = preSolution
		Debug|Any CPU = Debug|Any CPU
		Release|Any CPU = Release|Any CPU
	EndGlobalSection
	GlobalSection(ProjectConfigurationPlatforms) = postSolution
		{4077BC21-0B45-4B35-BF73-524FF29ED590}.Debug|Any CPU.ActiveCfg = Debug|Any CPU
		{4077BC21-0B45-4B35-BF73-524FF29ED590}.Debug|Any CPU.Build.0 = Debug|Any CPU
		{4077BC21-0B45-4B35-BF73-524FF29ED590}.Release|Any CPU.ActiveCfg = Release|Any CPU
		{4077BC21-0B45-4B35-BF73-524FF29ED590}.Release|Any CPU.Build.0 = Release|Any CPU
	EndGlobalSection
	GlobalSection(SolutionProperties) = preSolution
		HideSolutionNode = FALSE
	EndGlobalSection
	GlobalSection(ExtensibilityGlobals) = postSolution
		SolutionGuid = {7E6A499F-1938-428C-A56F-4EC7083505C2}
	EndGlobalSection
EndGlobal
